
Microsoft Visual Studio Solution File, Format Version 12.00
# Visual Studio 14
VisualStudioVersion = 14.0.24720.0
MinimumVisualStudioVersion = 10.0.40219.1
Project("{FAE04EC0-301F-11D3-BF4B-00C04F79EFBC}") = "WebServices", "WebServices\WebServices.csproj", "{979D535A-7426-494F-80EE-1A159A3DDAD7}"
EndProject
Project("{FAE04EC0-301F-11D3-BF4B-00C04F79EFBC}") = "IntegrationTests", "IntegrationTests\IntegrationTests.csproj", "{C6DF5191-174B-4E69-BEC1-005C37A13960}"
	ProjectSection(ProjectDependencies) = postProject
		{979D535A-7426-494F-80EE-1A159A3DDAD7} = {979D535A-7426-494F-80EE-1A159A3DDAD7}
	EndProjectSection
EndProject
Project("{FAE04EC0-301F-11D3-BF4B-00C04F79EFBC}") = "DataLoader", "DataLoader\DataLoader.csproj", "{415BBBCE-BF42-4CDF-B0FA-08649CB819A5}"
EndProject
Project("{FAE04EC0-301F-11D3-BF4B-00C04F79EFBC}") = "GraphServices", "GraphServices\GraphServices.csproj", "{AEFFE6A9-DE09-4E88-9557-3D5EB7D118F5}"
EndProject
Project("{FAE04EC0-301F-11D3-BF4B-00C04F79EFBC}") = "GraphClient", "GraphClient\GraphClient.csproj", "{1CF5565B-7250-480E-80CF-D72F6CD425CD}"
	ProjectSection(ProjectDependencies) = postProject
		{979D535A-7426-494F-80EE-1A159A3DDAD7} = {979D535A-7426-494F-80EE-1A159A3DDAD7}
	EndProjectSection
EndProject
Global
	GlobalSection(SolutionConfigurationPlatforms) = preSolution
		Debug|Any CPU = Debug|Any CPU
		Release|Any CPU = Release|Any CPU
	EndGlobalSection
	GlobalSection(ProjectConfigurationPlatforms) = postSolution
		{979D535A-7426-494F-80EE-1A159A3DDAD7}.Debug|Any CPU.ActiveCfg = Debug|Any CPU
		{979D535A-7426-494F-80EE-1A159A3DDAD7}.Debug|Any CPU.Build.0 = Debug|Any CPU
		{979D535A-7426-494F-80EE-1A159A3DDAD7}.Release|Any CPU.ActiveCfg = Release|Any CPU
		{979D535A-7426-494F-80EE-1A159A3DDAD7}.Release|Any CPU.Build.0 = Release|Any CPU
		{C6DF5191-174B-4E69-BEC1-005C37A13960}.Debug|Any CPU.ActiveCfg = Debug|Any CPU
		{C6DF5191-174B-4E69-BEC1-005C37A13960}.Debug|Any CPU.Build.0 = Debug|Any CPU
		{C6DF5191-174B-4E69-BEC1-005C37A13960}.Release|Any CPU.ActiveCfg = Release|Any CPU
		{C6DF5191-174B-4E69-BEC1-005C37A13960}.Release|Any CPU.Build.0 = Release|Any CPU
		{415BBBCE-BF42-4CDF-B0FA-08649CB819A5}.Debug|Any CPU.ActiveCfg = Debug|Any CPU
		{415BBBCE-BF42-4CDF-B0FA-08649CB819A5}.Debug|Any CPU.Build.0 = Debug|Any CPU
		{415BBBCE-BF42-4CDF-B0FA-08649CB819A5}.Release|Any CPU.ActiveCfg = Release|Any CPU
		{415BBBCE-BF42-4CDF-B0FA-08649CB819A5}.Release|Any CPU.Build.0 = Release|Any CPU
		{AEFFE6A9-DE09-4E88-9557-3D5EB7D118F5}.Debug|Any CPU.ActiveCfg = Debug|Any CPU
		{AEFFE6A9-DE09-4E88-9557-3D5EB7D118F5}.Debug|Any CPU.Build.0 = Debug|Any CPU
		{AEFFE6A9-DE09-4E88-9557-3D5EB7D118F5}.Release|Any CPU.ActiveCfg = Release|Any CPU
		{AEFFE6A9-DE09-4E88-9557-3D5EB7D118F5}.Release|Any CPU.Build.0 = Release|Any CPU
		{1CF5565B-7250-480E-80CF-D72F6CD425CD}.Debug|Any CPU.ActiveCfg = Debug|Any CPU
		{1CF5565B-7250-480E-80CF-D72F6CD425CD}.Debug|Any CPU.Build.0 = Debug|Any CPU
		{1CF5565B-7250-480E-80CF-D72F6CD425CD}.Release|Any CPU.ActiveCfg = Release|Any CPU
		{1CF5565B-7250-480E-80CF-D72F6CD425CD}.Release|Any CPU.Build.0 = Release|Any CPU
	EndGlobalSection
	GlobalSection(SolutionProperties) = preSolution
		HideSolutionNode = FALSE
	EndGlobalSection
EndGlobal
